
Microsoft Visual Studio Solution File, Format Version 12.00
# Visual Studio 15
VisualStudioVersion = 15.0.34112.143
MinimumVisualStudioVersion = 10.0.40219.1
Project("{8BC9CEB8-8B4A-11D0-8D11-00A0C91BC942}") = "P08", "P08\P08.vcxproj", "{49A99093-1CA4-488E-B5FA-2687B924727F}"
EndProject
Global
	GlobalSection(SolutionConfigurationPlatforms) = preSolution
		Debug|x64 = Debug|x64
		Debug|x86 = Debug|x86
		Release|x64 = Release|x64
		Release|x86 = Release|x86
	EndGlobalSection
	GlobalSection(ProjectConfigurationPlatforms) = postSolution
		{49A99093-1CA4-488E-B5FA-2687B924727F}.Debug|x64.ActiveCfg = Debug|x64
		{49A99093-1CA4-488E-B5FA-2687B924727F}.Debug|x64.Build.0 = Debug|x64
		{49A99093-1CA4-488E-B5FA-2687B924727F}.Debug|x86.ActiveCfg = Debug|Win32
		{49A99093-1CA4-488E-B5FA-2687B924727F}.Debug|x86.Build.0 = Debug|Win32
		{49A99093-1CA4-488E-B5FA-2687B924727F}.Release|x64.ActiveCfg = Release|x64
		{49A99093-1CA4-488E-B5FA-2687B924727F}.Release|x64.Build.0 = Release|x64
		{49A99093-1CA4-488E-B5FA-2687B924727F}.Release|x86.ActiveCfg = Release|Win32
		{49A99093-1CA4-488E-B5FA-2687B924727F}.Release|x86.Build.0 = Release|Win32
	EndGlobalSection
	GlobalSection(SolutionProperties) = preSolution
		HideSolutionNode = FALSE
	EndGlobalSection
	GlobalSection(ExtensibilityGlobals) = postSolution
		SolutionGuid = {FD52691C-23C8-45A0-9E10-7BF8ABFA38BA}
	EndGlobalSection
EndGlobal
